Microsoft Visual Studio Solution File, Format Version 12.00
# Visual Studio Version 17
VisualStudioVersion = 17.5.2.0
MinimumVisualStudioVersion = 10.0.40219.1
Project("{FAE04EC0-301F-11D3-BF4B-00C04F79EFBC}") = "Subdivision_Management_System", "Subdivision_Management_System.csproj", "{B00F41E7-1B62-7E29-8ED0-B0815CD91C42}"
EndProject
Global
	GlobalSection(SolutionConfigurationPlatforms) = preSolution
		Debug|Any CPU = Debug|Any CPU
		Release|Any CPU = Release|Any CPU
	EndGlobalSection
	GlobalSection(ProjectConfigurationPlatforms) = postSolution
		{B00F41E7-1B62-7E29-8ED0-B0815CD91C42}.Debug|Any CPU.ActiveCfg = Debug|Any CPU
		{B00F41E7-1B62-7E29-8ED0-B0815CD91C42}.Debug|Any CPU.Build.0 = Debug|Any CPU
		{B00F41E7-1B62-7E29-8ED0-B0815CD91C42}.Release|Any CPU.ActiveCfg = Release|Any CPU
		{B00F41E7-1B62-7E29-8ED0-B0815CD91C42}.Release|Any CPU.Build.0 = Release|Any CPU
	EndGlobalSection
	GlobalSection(SolutionProperties) = preSolution
		HideSolutionNode = FALSE
	EndGlobalSection
	GlobalSection(ExtensibilityGlobals) = postSolution
		SolutionGuid = {B217D3E8-DF26-43CF-9A13-D74049999E54}
	EndGlobalSection
EndGlobal
